
Microsoft Visual Studio Solution File, Format Version 12.00
# Visual Studio 2013
VisualStudioVersion = 12.0.21005.1
MinimumVisualStudioVersion = 10.0.40219.1
Project("{8BC9CEB8-8B4A-11D0-8D11-00A0C91BC942}") = "8-1", "8-1\8-1.vcxproj", "{B3434EE6-64D8-4593-899F-B20E14A7F00B}"
EndProject
Global
	GlobalSection(SolutionConfigurationPlatforms) = preSolution
		Debug|Win32 = Debug|Win32
		Release|Win32 = Release|Win32
	EndGlobalSection
	GlobalSection(ProjectConfigurationPlatforms) = postSolution
		{B3434EE6-64D8-4593-899F-B20E14A7F00B}.Debug|Win32.ActiveCfg = Debug|Win32
		{B3434EE6-64D8-4593-899F-B20E14A7F00B}.Debug|Win32.Build.0 = Debug|Win32
		{B3434EE6-64D8-4593-899F-B20E14A7F00B}.Release|Win32.ActiveCfg = Release|Win32
		{B3434EE6-64D8-4593-899F-B20E14A7F00B}.Release|Win32.Build.0 = Release|Win32
	EndGlobalSection
	GlobalSection(SolutionProperties) = preSolution
		HideSolutionNode = FALSE
	EndGlobalSection
EndGlobal
